Microsoft Visual Studio Solution File, Format Version 12.00
# Visual Studio Version 17
VisualStudioVersion = 17.13.35825.156
MinimumVisualStudioVersion = 10.0.40219.1
Project("{FAE04EC0-301F-11D3-BF4B-00C04F79EFBC}") = "ImageOCR", "ImageOCR\ImageOCR.csproj", "{216DED44-C4E3-435E-8BA8-3F808F66FB64}"
EndProject
Global
	GlobalSection(SolutionConfigurationPlatforms) = preSolution
		Debug|Any CPU = Debug|Any CPU
		Debug|x64 = Debug|x64
		Release|Any CPU = Release|Any CPU
		Release|x64 = Release|x64
	EndGlobalSection
	GlobalSection(ProjectConfigurationPlatforms) = postSolution
		{216DED44-C4E3-435E-8BA8-3F808F66FB64}.Debug|Any CPU.ActiveCfg = Debug|Any CPU
		{216DED44-C4E3-435E-8BA8-3F808F66FB64}.Debug|Any CPU.Build.0 = Debug|Any CPU
		{216DED44-C4E3-435E-8BA8-3F808F66FB64}.Debug|x64.ActiveCfg = Debug|x64
		{216DED44-C4E3-435E-8BA8-3F808F66FB64}.Debug|x64.Build.0 = Debug|x64
		{216DED44-C4E3-435E-8BA8-3F808F66FB64}.Release|Any CPU.ActiveCfg = Release|Any CPU
		{216DED44-C4E3-435E-8BA8-3F808F66FB64}.Release|Any CPU.Build.0 = Release|Any CPU
		{216DED44-C4E3-435E-8BA8-3F808F66FB64}.Release|x64.ActiveCfg = Release|x64
		{216DED44-C4E3-435E-8BA8-3F808F66FB64}.Release|x64.Build.0 = Release|x64
	EndGlobalSection
	GlobalSection(SolutionProperties) = preSolution
		HideSolutionNode = FALSE
	EndGlobalSection
	GlobalSection(ExtensibilityGlobals) = postSolution
		SolutionGuid = {C8D85BFC-55B7-44B0-9E8B-D212D45D0DD8}
	EndGlobalSection
EndGlobal
